
Microsoft Visual Studio Solution File, Format Version 12.00
# Visual Studio Version 17
VisualStudioVersion = 17.2.32630.192
MinimumVisualStudioVersion = 10.0.40219.1
Project("{9A19103F-16F7-4668-BE54-9A1E7A4F7556}") = "R5T.T0213.Construction", "R5T.T0213.Construction\R5T.T0213.Construction.csproj", "{9D205DB7-E85D-42AC-B2C6-C98DED7F154C}"
EndProject
Project("{9A19103F-16F7-4668-BE54-9A1E7A4F7556}") = "R5T.T0213", "R5T.T0213\R5T.T0213.csproj", "{653BDB0C-36A8-4892-B9CE-0C16DC4BDC48}"
EndProject
Global
	GlobalSection(SolutionConfigurationPlatforms) = preSolution
		Debug|Any CPU = Debug|Any CPU
		Release|Any CPU = Release|Any CPU
	EndGlobalSection
	GlobalSection(ProjectConfigurationPlatforms) = postSolution
		{9D205DB7-E85D-42AC-B2C6-C98DED7F154C}.Debug|Any CPU.ActiveCfg = Debug|Any CPU
		{9D205DB7-E85D-42AC-B2C6-C98DED7F154C}.Debug|Any CPU.Build.0 = Debug|Any CPU
		{9D205DB7-E85D-42AC-B2C6-C98DED7F154C}.Release|Any CPU.ActiveCfg = Release|Any CPU
		{9D205DB7-E85D-42AC-B2C6-C98DED7F154C}.Release|Any CPU.Build.0 = Release|Any CPU
		{653BDB0C-36A8-4892-B9CE-0C16DC4BDC48}.Debug|Any CPU.ActiveCfg = Debug|Any CPU
		{653BDB0C-36A8-4892-B9CE-0C16DC4BDC48}.Debug|Any CPU.Build.0 = Debug|Any CPU
		{653BDB0C-36A8-4892-B9CE-0C16DC4BDC48}.Release|Any CPU.ActiveCfg = Release|Any CPU
		{653BDB0C-36A8-4892-B9CE-0C16DC4BDC48}.Release|Any CPU.Build.0 = Release|Any CPU
	EndGlobalSection
	GlobalSection(SolutionProperties) = preSolution
		HideSolutionNode = FALSE
	EndGlobalSection
	GlobalSection(ExtensibilityGlobals) = postSolution
		SolutionGuid = {3B14F4AD-6BD9-40D0-AC83-82A32E798CCE}
	EndGlobalSection
EndGlobal
