
Microsoft Visual Studio Solution File, Format Version 12.00
# Visual Studio Version 17
VisualStudioVersion = 17.2.32630.192
MinimumVisualStudioVersion = 10.0.40219.1
Project("{9A19103F-16F7-4668-BE54-9A1E7A4F7556}") = "R5T.T0213", "R5T.T0213\R5T.T0213.csproj", "{7BDC6BF7-03D9-47FB-BD2C-D6EB02395E30}"
EndProject
Project("{2150E333-8FDC-42A3-9474-1A3956D46DE8}") = "_Dependencies", "_Dependencies", "{A43BB44C-6C52-4A32-B815-6A6B914F655F}"
EndProject
Project("{9A19103F-16F7-4668-BE54-9A1E7A4F7556}") = "R5T.T0132", "..\..\R5T.T0132\source\R5T.T0132\R5T.T0132.csproj", "{C561F4F8-16D2-41CA-8283-568A50D9B23F}"
EndProject
Project("{9A19103F-16F7-4668-BE54-9A1E7A4F7556}") = "R5T.T0143", "..\..\R5T.T0143\source\R5T.T0143\R5T.T0143.csproj", "{48AC3B5A-5FCB-45D1-925B-E393375426B0}"
EndProject
Project("{9A19103F-16F7-4668-BE54-9A1E7A4F7556}") = "R5T.T0178", "..\..\R5T.T0178\source\R5T.T0178\R5T.T0178.csproj", "{23ACABE2-FB20-457C-8008-916C4BE8AA42}"
EndProject
Project("{9A19103F-16F7-4668-BE54-9A1E7A4F7556}") = "R5T.T0179", "..\..\R5T.T0179\source\R5T.T0179\R5T.T0179.csproj", "{BF99513D-5033-449C-81CF-3ABDA784058C}"
EndProject
Global
	GlobalSection(NestedProjects) = preSolution
		{C561F4F8-16D2-41CA-8283-568A50D9B23F} = {A43BB44C-6C52-4A32-B815-6A6B914F655F}
		{48AC3B5A-5FCB-45D1-925B-E393375426B0} = {A43BB44C-6C52-4A32-B815-6A6B914F655F}
		{23ACABE2-FB20-457C-8008-916C4BE8AA42} = {A43BB44C-6C52-4A32-B815-6A6B914F655F}
		{BF99513D-5033-449C-81CF-3ABDA784058C} = {A43BB44C-6C52-4A32-B815-6A6B914F655F}
	EndGlobalSection
	GlobalSection(SolutionConfigurationPlatforms) = preSolution
		Debug|Any CPU = Debug|Any CPU
		Release|Any CPU = Release|Any CPU
	EndGlobalSection
	GlobalSection(ProjectConfigurationPlatforms) = postSolution
		{7BDC6BF7-03D9-47FB-BD2C-D6EB02395E30}.Debug|Any CPU.ActiveCfg = Debug|Any CPU
		{7BDC6BF7-03D9-47FB-BD2C-D6EB02395E30}.Debug|Any CPU.Build.0 = Debug|Any CPU
		{7BDC6BF7-03D9-47FB-BD2C-D6EB02395E30}.Release|Any CPU.ActiveCfg = Release|Any CPU
		{7BDC6BF7-03D9-47FB-BD2C-D6EB02395E30}.Release|Any CPU.Build.0 = Release|Any CPU
		{C561F4F8-16D2-41CA-8283-568A50D9B23F}.Debug|Any CPU.ActiveCfg = Debug|Any CPU
		{C561F4F8-16D2-41CA-8283-568A50D9B23F}.Debug|Any CPU.Build.0 = Debug|Any CPU
		{C561F4F8-16D2-41CA-8283-568A50D9B23F}.Release|Any CPU.ActiveCfg = Release|Any CPU
		{C561F4F8-16D2-41CA-8283-568A50D9B23F}.Release|Any CPU.Build.0 = Release|Any CPU
		{48AC3B5A-5FCB-45D1-925B-E393375426B0}.Debug|Any CPU.ActiveCfg = Debug|Any CPU
		{48AC3B5A-5FCB-45D1-925B-E393375426B0}.Debug|Any CPU.Build.0 = Debug|Any CPU
		{48AC3B5A-5FCB-45D1-925B-E393375426B0}.Release|Any CPU.ActiveCfg = Release|Any CPU
		{48AC3B5A-5FCB-45D1-925B-E393375426B0}.Release|Any CPU.Build.0 = Release|Any CPU
		{23ACABE2-FB20-457C-8008-916C4BE8AA42}.Debug|Any CPU.ActiveCfg = Debug|Any CPU
		{23ACABE2-FB20-457C-8008-916C4BE8AA42}.Debug|Any CPU.Build.0 = Debug|Any CPU
		{23ACABE2-FB20-457C-8008-916C4BE8AA42}.Release|Any CPU.ActiveCfg = Release|Any CPU
		{23ACABE2-FB20-457C-8008-916C4BE8AA42}.Release|Any CPU.Build.0 = Release|Any CPU
		{BF99513D-5033-449C-81CF-3ABDA784058C}.Debug|Any CPU.ActiveCfg = Debug|Any CPU
		{BF99513D-5033-449C-81CF-3ABDA784058C}.Debug|Any CPU.Build.0 = Debug|Any CPU
		{BF99513D-5033-449C-81CF-3ABDA784058C}.Release|Any CPU.ActiveCfg = Release|Any CPU
		{BF99513D-5033-449C-81CF-3ABDA784058C}.Release|Any CPU.Build.0 = Release|Any CPU
	EndGlobalSection
	GlobalSection(SolutionProperties) = preSolution
		HideSolutionNode = FALSE
	EndGlobalSection
	GlobalSection(ExtensibilityGlobals) = postSolution
		SolutionGuid = {10D9E5CF-E917-4D05-99D8-296B8A1B37B2}
	EndGlobalSection
EndGlobal
