
Microsoft Visual Studio Solution File, Format Version 12.00
# Visual Studio Version 17
VisualStudioVersion = 17.2.32630.192
MinimumVisualStudioVersion = 10.0.40219.1
Project("{9A19103F-16F7-4668-BE54-9A1E7A4F7556}") = "R5T.T0213.Construction", "R5T.T0213.Construction\R5T.T0213.Construction.csproj", "{9D205DB7-E85D-42AC-B2C6-C98DED7F154C}"
EndProject
Project("{9A19103F-16F7-4668-BE54-9A1E7A4F7556}") = "R5T.T0213", "R5T.T0213\R5T.T0213.csproj", "{653BDB0C-36A8-4892-B9CE-0C16DC4BDC48}"
EndProject
Project("{2150E333-8FDC-42A3-9474-1A3956D46DE8}") = "_Dependencies", "_Dependencies", "{DEAD7A96-CC49-45EF-A86A-C23D8EB3F9D9}"
EndProject
Project("{9A19103F-16F7-4668-BE54-9A1E7A4F7556}") = "R5T.T0132", "..\..\R5T.T0132\source\R5T.T0132\R5T.T0132.csproj", "{E7C83817-55CF-441E-AA41-4C04935E81D6}"
EndProject
Project("{9A19103F-16F7-4668-BE54-9A1E7A4F7556}") = "R5T.T0143", "..\..\R5T.T0143\source\R5T.T0143\R5T.T0143.csproj", "{B33F3212-AEAC-438B-928D-EB8A0E0C713A}"
EndProject
Project("{9A19103F-16F7-4668-BE54-9A1E7A4F7556}") = "R5T.T0178", "..\..\R5T.T0178\source\R5T.T0178\R5T.T0178.csproj", "{5024402C-1C33-406E-85C5-02C7961E8DFE}"
EndProject
Project("{9A19103F-16F7-4668-BE54-9A1E7A4F7556}") = "R5T.T0179", "..\..\R5T.T0179\source\R5T.T0179\R5T.T0179.csproj", "{831AD7D8-BC0C-498E-BC84-FEDB4CE08349}"
EndProject
Global
	GlobalSection(NestedProjects) = preSolution
		{E7C83817-55CF-441E-AA41-4C04935E81D6} = {DEAD7A96-CC49-45EF-A86A-C23D8EB3F9D9}
		{B33F3212-AEAC-438B-928D-EB8A0E0C713A} = {DEAD7A96-CC49-45EF-A86A-C23D8EB3F9D9}
		{5024402C-1C33-406E-85C5-02C7961E8DFE} = {DEAD7A96-CC49-45EF-A86A-C23D8EB3F9D9}
		{831AD7D8-BC0C-498E-BC84-FEDB4CE08349} = {DEAD7A96-CC49-45EF-A86A-C23D8EB3F9D9}
	EndGlobalSection
	GlobalSection(SolutionConfigurationPlatforms) = preSolution
		Debug|Any CPU = Debug|Any CPU
		Release|Any CPU = Release|Any CPU
	EndGlobalSection
	GlobalSection(ProjectConfigurationPlatforms) = postSolution
		{9D205DB7-E85D-42AC-B2C6-C98DED7F154C}.Debug|Any CPU.ActiveCfg = Debug|Any CPU
		{9D205DB7-E85D-42AC-B2C6-C98DED7F154C}.Debug|Any CPU.Build.0 = Debug|Any CPU
		{9D205DB7-E85D-42AC-B2C6-C98DED7F154C}.Release|Any CPU.ActiveCfg = Release|Any CPU
		{9D205DB7-E85D-42AC-B2C6-C98DED7F154C}.Release|Any CPU.Build.0 = Release|Any CPU
		{653BDB0C-36A8-4892-B9CE-0C16DC4BDC48}.Debug|Any CPU.ActiveCfg = Debug|Any CPU
		{653BDB0C-36A8-4892-B9CE-0C16DC4BDC48}.Debug|Any CPU.Build.0 = Debug|Any CPU
		{653BDB0C-36A8-4892-B9CE-0C16DC4BDC48}.Release|Any CPU.ActiveCfg = Release|Any CPU
		{653BDB0C-36A8-4892-B9CE-0C16DC4BDC48}.Release|Any CPU.Build.0 = Release|Any CPU
		{E7C83817-55CF-441E-AA41-4C04935E81D6}.Debug|Any CPU.ActiveCfg = Debug|Any CPU
		{E7C83817-55CF-441E-AA41-4C04935E81D6}.Debug|Any CPU.Build.0 = Debug|Any CPU
		{E7C83817-55CF-441E-AA41-4C04935E81D6}.Release|Any CPU.ActiveCfg = Release|Any CPU
		{E7C83817-55CF-441E-AA41-4C04935E81D6}.Release|Any CPU.Build.0 = Release|Any CPU
		{B33F3212-AEAC-438B-928D-EB8A0E0C713A}.Debug|Any CPU.ActiveCfg = Debug|Any CPU
		{B33F3212-AEAC-438B-928D-EB8A0E0C713A}.Debug|Any CPU.Build.0 = Debug|Any CPU
		{B33F3212-AEAC-438B-928D-EB8A0E0C713A}.Release|Any CPU.ActiveCfg = Release|Any CPU
		{B33F3212-AEAC-438B-928D-EB8A0E0C713A}.Release|Any CPU.Build.0 = Release|Any CPU
		{5024402C-1C33-406E-85C5-02C7961E8DFE}.Debug|Any CPU.ActiveCfg = Debug|Any CPU
		{5024402C-1C33-406E-85C5-02C7961E8DFE}.Debug|Any CPU.Build.0 = Debug|Any CPU
		{5024402C-1C33-406E-85C5-02C7961E8DFE}.Release|Any CPU.ActiveCfg = Release|Any CPU
		{5024402C-1C33-406E-85C5-02C7961E8DFE}.Release|Any CPU.Build.0 = Release|Any CPU
		{831AD7D8-BC0C-498E-BC84-FEDB4CE08349}.Debug|Any CPU.ActiveCfg = Debug|Any CPU
		{831AD7D8-BC0C-498E-BC84-FEDB4CE08349}.Debug|Any CPU.Build.0 = Debug|Any CPU
		{831AD7D8-BC0C-498E-BC84-FEDB4CE08349}.Release|Any CPU.ActiveCfg = Release|Any CPU
		{831AD7D8-BC0C-498E-BC84-FEDB4CE08349}.Release|Any CPU.Build.0 = Release|Any CPU
	EndGlobalSection
	GlobalSection(SolutionProperties) = preSolution
		HideSolutionNode = FALSE
	EndGlobalSection
	GlobalSection(ExtensibilityGlobals) = postSolution
		SolutionGuid = {3B14F4AD-6BD9-40D0-AC83-82A32E798CCE}
	EndGlobalSection
EndGlobal
